{
    "_readme": [
        "This file locks the dependencies of your project to a known state",
        "Read more about it at https://getcomposer.org/doc/01-basic-usage.md#composer-lock-the-lock-file",
        "This file is @generated automatically"
    ],
    "hash": "b3293aeaaceda61702dfc59bcbf46d76",
    "content-hash": "c03c75ba2e230c15f62d7c5ce2ac9007",
    "packages": [
        {
            "name": "joshcam/mysqli-database-class",
            "version": "v2.6",
            "source": {
                "type": "git",
                "url": "https://github.com/joshcam/PHP-MySQLi-Database-Class.git",
                "reference": "1b9bad88b3d87dbbcc6ff392c82367e521c888ec"
            },
            "dist": {
                "type": "zip",
                "url": "https://api.github.com/repos/joshcam/PHP-MySQLi-Database-Class/zipball/1b9bad88b3d87dbbcc6ff392c82367e521c888ec",
                "reference": "1b9bad88b3d87dbbcc6ff392c82367e521c888ec",
                "shasum": ""
            },
            "require": {
                "php": ">=5.3.0"
            },
            "type": "library",
            "autoload": {
                "files": [
                    "MysqliDb.php",
                    "dbObject.php"
                ]
            },
            "notification-url": "https://packagist.org/downloads/",
            "license": [
                "GPL-3.0"
            ],
            "authors": [
                {
                    "name": "Josh Campbell",
                    "email": "josh.lee.campbell@gmail.com",
                    "homepage": "https://github.com/joshcam",
                    "role": "Developer"
                },
                {
                    "name": "Alexander V. Butenko",
                    "email": "a.butenka@gmail.com",
                    "homepage": "http://smarttechdo.com",
                    "role": "Developer"
                }
            ],
            "description": "PHP MySQL Wrapper and object mapper which utilizes MySQLi and prepared statements",
            "time": "2016-05-10 14:23:30"
        }
    ],
    "packages-dev": [],
    "aliases": [],
    "minimum-stability": "stable",
    "stability-flags": [],
    "prefer-stable": false,
    "prefer-lowest": false,
    "platform": [],
    "platform-dev": []
}
